Microsoft Visual Studio Solution File, Format Version 12.00
# Visual Studio Version 17
VisualStudioVersion = 17.0.31903.59
MinimumVisualStudioVersion = 10.0.40219.1
Project("{FAE04EC0-301F-11D3-BF4B-00C04F79EFBC}") = "JsonFastFormat.Cli", "src\JsonFastFormat.Cli\JsonFastFormat.Cli.csproj", "{3F37D053-7C5F-4A99-81B0-C8864594A01C}"
EndProject
Project("{FAE04EC0-301F-11D3-BF4B-00C04F79EFBC}") = "JsonFastFormat.Manager", "src\JsonFastFormat.Manager\JsonFastFormat.Manager.csproj", "{923F8A6C-BD2B-4B5E-9313-A41DF89D5B7D}"
EndProject
Global
	GlobalSection(SolutionConfigurationPlatforms) = preSolution
		Debug|Any CPU = Debug|Any CPU
		Release|Any CPU = Release|Any CPU
	EndGlobalSection
	GlobalSection(ProjectConfigurationPlatforms) = postSolution
		{3F37D053-7C5F-4A99-81B0-C8864594A01C}.Debug|Any CPU.ActiveCfg = Debug|Any CPU
		{3F37D053-7C5F-4A99-81B0-C8864594A01C}.Debug|Any CPU.Build.0 = Debug|Any CPU
		{3F37D053-7C5F-4A99-81B0-C8864594A01C}.Release|Any CPU.ActiveCfg = Release|Any CPU
		{3F37D053-7C5F-4A99-81B0-C8864594A01C}.Release|Any CPU.Build.0 = Release|Any CPU
		{923F8A6C-BD2B-4B5E-9313-A41DF89D5B7D}.Debug|Any CPU.ActiveCfg = Debug|Any CPU
		{923F8A6C-BD2B-4B5E-9313-A41DF89D5B7D}.Debug|Any CPU.Build.0 = Debug|Any CPU
		{923F8A6C-BD2B-4B5E-9313-A41DF89D5B7D}.Release|Any CPU.ActiveCfg = Release|Any CPU
		{923F8A6C-BD2B-4B5E-9313-A41DF89D5B7D}.Release|Any CPU.Build.0 = Release|Any CPU
	EndGlobalSection
EndGlobal
